
Microsoft Visual Studio Solution File, Format Version 12.00
# Visual Studio 14
VisualStudioVersion = 14.0.25420.1
MinimumVisualStudioVersion = 10.0.40219.1
Project("{8BC9CEB8-8B4A-11D0-8D11-00A0C91BC942}") = "Parser", "Parser\Parser.vcxproj", "{77BE9964-7862-4D05-AFF0-B42718AAE386}"
EndProject
Project("{8BC9CEB8-8B4A-11D0-8D11-00A0C91BC942}") = "ScopeStack", "ScopeStack\ScopeStack.vcxproj", "{0AE7CD6E-0797-422E-8DB9-407E517624A5}"
EndProject
Project("{8BC9CEB8-8B4A-11D0-8D11-00A0C91BC942}") = "Tokenizer", "Tokenizer\Tokenizer.vcxproj", "{FD63AD3D-4A25-4F5C-BD43-1E19192357F2}"
EndProject
Project("{8BC9CEB8-8B4A-11D0-8D11-00A0C91BC942}") = "SemiExp", "SemiExp\SemiExp.vcxproj", "{C1131546-C8AE-4A24-A866-4A28DFDB72B9}"
EndProject
Project("{2150E333-8FDC-42A3-9474-1A3956D46DE8}") = "Solution Items", "Solution Items", "{8ADAF054-CA21-488D-A284-860557308134}"
	ProjectSection(SolutionItems) = preProject
		ToDo.txt = ToDo.txt
	EndProjectSection
EndProject
Project("{8BC9CEB8-8B4A-11D0-8D11-00A0C91BC942}") = "FileMgr", "FileMgr\FileMgr.vcxproj", "{DDEE27FF-855E-4D10-AD7B-79CB8966EF13}"
EndProject
Project("{8BC9CEB8-8B4A-11D0-8D11-00A0C91BC942}") = "Logger", "Logger\Logger.vcxproj", "{66D2C764-9DA8-4505-B869-8E84E8968F7C}"
EndProject
Project("{8BC9CEB8-8B4A-11D0-8D11-00A0C91BC942}") = "Utilities", "Utilities\Utilities.vcxproj", "{462B43B2-8B13-4178-BF2A-903F76F1985C}"
EndProject
Project("{8BC9CEB8-8B4A-11D0-8D11-00A0C91BC942}") = "AbstractSyntaxTree", "AbstractSyntaxTree\AbstractSyntaxTree.vcxproj", "{53C7C53B-4D2F-4E71-9AF3-0B77DD0034B3}"
EndProject
Project("{8BC9CEB8-8B4A-11D0-8D11-00A0C91BC942}") = "FileSystem", "FileSystem\FileSystem.vcxproj", "{04CB7A5F-7472-4F19-9EA9-00B80063658C}"
EndProject
Project("{8BC9CEB8-8B4A-11D0-8D11-00A0C91BC942}") = "Cpp11-BlockingQueue", "Cpp11-BlockingQueue\Cpp11-BlockingQueue.vcxproj", "{9EFC55B0-E8E8-443D-920F-C09D0AF54185}"
EndProject
Project("{FAE04EC0-301F-11D3-BF4B-00C04F79EFBC}") = "TestFiles-CS", "TestFiles-CS\TestFiles-CS.csproj", "{A57CD6DE-31C9-4F50-BD9A-0BB2DDEDF7BB}"
EndProject
Project("{8BC9CEB8-8B4A-11D0-8D11-00A0C91BC942}") = "GrammarHelpers", "GrammarHelpers\GrammarHelpers.vcxproj", "{119080C0-DA30-4A3C-85D6-37315067CB1A}"
EndProject
Project("{8BC9CEB8-8B4A-11D0-8D11-00A0C91BC942}") = "DateTime", "DateTime\DateTime.vcxproj", "{C1E1F450-B7E1-4796-84D5-7D3C831DFF68}"
EndProject
Project("{8BC9CEB8-8B4A-11D0-8D11-00A0C91BC942}") = "Display", "Display\Display.vcxproj", "{1C49F127-9DA6-4A88-82ED-C0560EC0AC6E}"
EndProject
Project("{8BC9CEB8-8B4A-11D0-8D11-00A0C91BC942}") = "XmlDocument", "XmlDocument\XmlDocument\XmlDocument.vcxproj", "{0A82ECDC-7520-453A-8F2C-D813FEEE7537}"
EndProject
Project("{8BC9CEB8-8B4A-11D0-8D11-00A0C91BC942}") = "NoSqlDb", "NoSqlDb\NoSqlDb.vcxproj", "{0258661B-F975-4061-9AA6-5E201397C91D}"
EndProject
Project("{8BC9CEB8-8B4A-11D0-8D11-00A0C91BC942}") = "Persist", "Persist\Persist.vcxproj", "{6E092DD9-249D-494D-B40C-575510921357}"
EndProject
Project("{8BC9CEB8-8B4A-11D0-8D11-00A0C91BC942}") = "XmlUtilitites", "XmlUtilitites\XmlUtilitites.vcxproj", "{7AE0E0FE-F496-4838-8107-8F8287881AC0}"
EndProject
Project("{8BC9CEB8-8B4A-11D0-8D11-00A0C91BC942}") = "StoredProcedures", "StoredProcedures\StoredProcedures.vcxproj", "{FC25AA1A-84F4-4CFF-817C-51230D7E6381}"
EndProject
Project("{8BC9CEB8-8B4A-11D0-8D11-00A0C91BC942}") = "TestTypes", "TestTypes\TestTypes.vcxproj", "{64E259BE-956D-4C24-85FB-EA7FAC7E7D99}"
EndProject
Project("{8BC9CEB8-8B4A-11D0-8D11-00A0C91BC942}") = "Queries", "Queries\Queries.vcxproj", "{7341F5AA-7DFA-4B3F-8FED-7B9ACF920A0B}"
EndProject
Project("{8BC9CEB8-8B4A-11D0-8D11-00A0C91BC942}") = "CppProperties", "CppProperties\CppProperties.vcxproj", "{AC00494F-1347-47E2-B499-0F4B984B02D7}"
EndProject
Project("{8BC9CEB8-8B4A-11D0-8D11-00A0C91BC942}") = "TypeTable", "TypeTable\TypeTable.vcxproj", "{F4B8C8D6-4E17-4191-9E23-0B045CC4530D}"
EndProject
Project("{8BC9CEB8-8B4A-11D0-8D11-00A0C91BC942}") = "TypeAnalysis", "TypeAnalysis\TypeAnalysis.vcxproj", "{A389E1A2-108A-482C-A951-18BE13FFB46E}"
EndProject
Project("{8BC9CEB8-8B4A-11D0-8D11-00A0C91BC942}") = "DependencyAnalysis", "DependencyAnalysis\DependencyAnalysis.vcxproj", "{A7846371-851C-4794-B176-4B36DABFBD32}"
EndProject
Project("{8BC9CEB8-8B4A-11D0-8D11-00A0C91BC942}") = "TestExecutive", "Analyzer\Executive.vcxproj", "{936434E9-93F0-467B-BBB7-D682483244BA}"
EndProject
Project("{8BC9CEB8-8B4A-11D0-8D11-00A0C91BC942}") = "Graph", "Graph\Graph.vcxproj", "{2A178BA5-9840-47FD-8047-4D832B22FB1D}"
EndProject
Project("{8BC9CEB8-8B4A-11D0-8D11-00A0C91BC942}") = "XmlWriter", "XmlWriter\XmlWriter.vcxproj", "{8BD15208-4AF5-4F32-A4DD-E6DEB7B1C83C}"
EndProject
Project("{8BC9CEB8-8B4A-11D0-8D11-00A0C91BC942}") = "Publisher", "Publisher\Publisher.vcxproj", "{8DC33A55-645B-4A0B-B7F3-272A8582CE17}"
EndProject
Project("{8BC9CEB8-8B4A-11D0-8D11-00A0C91BC942}") = "Client", "Client\ClientAndServer.vcxproj", "{3DA711B7-D631-46B6-8373-46997ABF0D4C}"
EndProject
Project("{8BC9CEB8-8B4A-11D0-8D11-00A0C91BC942}") = "Server", "Server\Server.vcxproj", "{EC63E408-9837-4180-A180-FE1F047052A3}"
EndProject
Project("{8BC9CEB8-8B4A-11D0-8D11-00A0C91BC942}") = "CppCli-WPF-App", "CppCli-WPF-APP\CppCli-WPF-App.vcxproj", "{9B64F370-F9F4-4EE7-87DC-31B469402E30}"
EndProject
Project("{8BC9CEB8-8B4A-11D0-8D11-00A0C91BC942}") = "MockChannel", "MockChannel\MockChannel.vcxproj", "{8A5B596C-C501-4CF0-AF7E-6E23F53B18BD}"
EndProject
Project("{8BC9CEB8-8B4A-11D0-8D11-00A0C91BC942}") = "HttpMessage", "HttpMessage\HttpMessage.vcxproj", "{3145A0F7-CEED-4551-A9F6-74AA9189BAAD}"
EndProject
Global
	GlobalSection(SolutionConfigurationPlatforms) = preSolution
		Debug|Any CPU = Debug|Any CPU
		Debug|x64 = Debug|x64
		Debug|x86 = Debug|x86
		Release|Any CPU = Release|Any CPU
		Release|x64 = Release|x64
		Release|x86 = Release|x86
	EndGlobalSection
	GlobalSection(ProjectConfigurationPlatforms) = postSolution
		{77BE9964-7862-4D05-AFF0-B42718AAE386}.Debug|Any CPU.ActiveCfg = Debug|Win32
		{77BE9964-7862-4D05-AFF0-B42718AAE386}.Debug|x64.ActiveCfg = Debug|x64
		{77BE9964-7862-4D05-AFF0-B42718AAE386}.Debug|x64.Build.0 = Debug|x64
		{77BE9964-7862-4D05-AFF0-B42718AAE386}.Debug|x86.ActiveCfg = Debug|Win32
		{77BE9964-7862-4D05-AFF0-B42718AAE386}.Debug|x86.Build.0 = Debug|Win32
		{77BE9964-7862-4D05-AFF0-B42718AAE386}.Release|Any CPU.ActiveCfg = Release|Win32
		{77BE9964-7862-4D05-AFF0-B42718AAE386}.Release|x64.ActiveCfg = Release|x64
		{77BE9964-7862-4D05-AFF0-B42718AAE386}.Release|x64.Build.0 = Release|x64
		{77BE9964-7862-4D05-AFF0-B42718AAE386}.Release|x86.ActiveCfg = Release|Win32
		{77BE9964-7862-4D05-AFF0-B42718AAE386}.Release|x86.Build.0 = Release|Win32
		{0AE7CD6E-0797-422E-8DB9-407E517624A5}.Debug|Any CPU.ActiveCfg = Debug|Win32
		{0AE7CD6E-0797-422E-8DB9-407E517624A5}.Debug|x64.ActiveCfg = Debug|x64
		{0AE7CD6E-0797-422E-8DB9-407E517624A5}.Debug|x64.Build.0 = Debug|x64
		{0AE7CD6E-0797-422E-8DB9-407E517624A5}.Debug|x86.ActiveCfg = Debug|Win32
		{0AE7CD6E-0797-422E-8DB9-407E517624A5}.Debug|x86.Build.0 = Debug|Win32
		{0AE7CD6E-0797-422E-8DB9-407E517624A5}.Release|Any CPU.ActiveCfg = Release|Win32
		{0AE7CD6E-0797-422E-8DB9-407E517624A5}.Release|x64.ActiveCfg = Release|x64
		{0AE7CD6E-0797-422E-8DB9-407E517624A5}.Release|x64.Build.0 = Release|x64
		{0AE7CD6E-0797-422E-8DB9-407E517624A5}.Release|x86.ActiveCfg = Release|Win32
		{0AE7CD6E-0797-422E-8DB9-407E517624A5}.Release|x86.Build.0 = Release|Win32
		{FD63AD3D-4A25-4F5C-BD43-1E19192357F2}.Debug|Any CPU.ActiveCfg = Debug|Win32
		{FD63AD3D-4A25-4F5C-BD43-1E19192357F2}.Debug|x64.ActiveCfg = Debug|Win32
		{FD63AD3D-4A25-4F5C-BD43-1E19192357F2}.Debug|x64.Build.0 = Debug|Win32
		{FD63AD3D-4A25-4F5C-BD43-1E19192357F2}.Debug|x86.ActiveCfg = Debug|Win32
		{FD63AD3D-4A25-4F5C-BD43-1E19192357F2}.Debug|x86.Build.0 = Debug|Win32
		{FD63AD3D-4A25-4F5C-BD43-1E19192357F2}.Release|Any CPU.ActiveCfg = Release|Win32
		{FD63AD3D-4A25-4F5C-BD43-1E19192357F2}.Release|x64.ActiveCfg = Release|Win32
		{FD63AD3D-4A25-4F5C-BD43-1E19192357F2}.Release|x86.ActiveCfg = Release|Win32
		{FD63AD3D-4A25-4F5C-BD43-1E19192357F2}.Release|x86.Build.0 = Release|Win32
		{C1131546-C8AE-4A24-A866-4A28DFDB72B9}.Debug|Any CPU.ActiveCfg = Debug|Win32
		{C1131546-C8AE-4A24-A866-4A28DFDB72B9}.Debug|x64.ActiveCfg = Debug|x64
		{C1131546-C8AE-4A24-A866-4A28DFDB72B9}.Debug|x64.Build.0 = Debug|x64
		{C1131546-C8AE-4A24-A866-4A28DFDB72B9}.Debug|x86.ActiveCfg = Debug|Win32
		{C1131546-C8AE-4A24-A866-4A28DFDB72B9}.Debug|x86.Build.0 = Debug|Win32
		{C1131546-C8AE-4A24-A866-4A28DFDB72B9}.Release|Any CPU.ActiveCfg = Release|Win32
		{C1131546-C8AE-4A24-A866-4A28DFDB72B9}.Release|x64.ActiveCfg = Release|x64
		{C1131546-C8AE-4A24-A866-4A28DFDB72B9}.Release|x64.Build.0 = Release|x64
		{C1131546-C8AE-4A24-A866-4A28DFDB72B9}.Release|x86.ActiveCfg = Release|Win32
		{C1131546-C8AE-4A24-A866-4A28DFDB72B9}.Release|x86.Build.0 = Release|Win32
		{DDEE27FF-855E-4D10-AD7B-79CB8966EF13}.Debug|Any CPU.ActiveCfg = Debug|Win32
		{DDEE27FF-855E-4D10-AD7B-79CB8966EF13}.Debug|x64.ActiveCfg = Debug|Win32
		{DDEE27FF-855E-4D10-AD7B-79CB8966EF13}.Debug|x64.Build.0 = Debug|Win32
		{DDEE27FF-855E-4D10-AD7B-79CB8966EF13}.Debug|x86.ActiveCfg = Debug|Win32
		{DDEE27FF-855E-4D10-AD7B-79CB8966EF13}.Debug|x86.Build.0 = Debug|Win32
		{DDEE27FF-855E-4D10-AD7B-79CB8966EF13}.Release|Any CPU.ActiveCfg = Release|Win32
		{DDEE27FF-855E-4D10-AD7B-79CB8966EF13}.Release|x64.ActiveCfg = Release|Win32
		{DDEE27FF-855E-4D10-AD7B-79CB8966EF13}.Release|x86.ActiveCfg = Release|Win32
		{DDEE27FF-855E-4D10-AD7B-79CB8966EF13}.Release|x86.Build.0 = Release|Win32
		{66D2C764-9DA8-4505-B869-8E84E8968F7C}.Debug|Any CPU.ActiveCfg = Debug|Win32
		{66D2C764-9DA8-4505-B869-8E84E8968F7C}.Debug|x64.ActiveCfg = Debug|x64
		{66D2C764-9DA8-4505-B869-8E84E8968F7C}.Debug|x64.Build.0 = Debug|x64
		{66D2C764-9DA8-4505-B869-8E84E8968F7C}.Debug|x86.ActiveCfg = Debug|Win32
		{66D2C764-9DA8-4505-B869-8E84E8968F7C}.Debug|x86.Build.0 = Debug|Win32
		{66D2C764-9DA8-4505-B869-8E84E8968F7C}.Release|Any CPU.ActiveCfg = Release|Win32
		{66D2C764-9DA8-4505-B869-8E84E8968F7C}.Release|x64.ActiveCfg = Release|x64
		{66D2C764-9DA8-4505-B869-8E84E8968F7C}.Release|x64.Build.0 = Release|x64
		{66D2C764-9DA8-4505-B869-8E84E8968F7C}.Release|x86.ActiveCfg = Release|Win32
		{66D2C764-9DA8-4505-B869-8E84E8968F7C}.Release|x86.Build.0 = Release|Win32
		{462B43B2-8B13-4178-BF2A-903F76F1985C}.Debug|Any CPU.ActiveCfg = Debug|Win32
		{462B43B2-8B13-4178-BF2A-903F76F1985C}.Debug|x64.ActiveCfg = Debug|x64
		{462B43B2-8B13-4178-BF2A-903F76F1985C}.Debug|x64.Build.0 = Debug|x64
		{462B43B2-8B13-4178-BF2A-903F76F1985C}.Debug|x86.ActiveCfg = Debug|Win32
		{462B43B2-8B13-4178-BF2A-903F76F1985C}.Debug|x86.Build.0 = Debug|Win32
		{462B43B2-8B13-4178-BF2A-903F76F1985C}.Release|Any CPU.ActiveCfg = Release|Win32
		{462B43B2-8B13-4178-BF2A-903F76F1985C}.Release|x64.ActiveCfg = Release|x64
		{462B43B2-8B13-4178-BF2A-903F76F1985C}.Release|x64.Build.0 = Release|x64
		{462B43B2-8B13-4178-BF2A-903F76F1985C}.Release|x86.ActiveCfg = Release|Win32
		{462B43B2-8B13-4178-BF2A-903F76F1985C}.Release|x86.Build.0 = Release|Win32
		{53C7C53B-4D2F-4E71-9AF3-0B77DD0034B3}.Debug|Any CPU.ActiveCfg = Debug|Win32
		{53C7C53B-4D2F-4E71-9AF3-0B77DD0034B3}.Debug|x64.ActiveCfg = Debug|x64
		{53C7C53B-4D2F-4E71-9AF3-0B77DD0034B3}.Debug|x64.Build.0 = Debug|x64
		{53C7C53B-4D2F-4E71-9AF3-0B77DD0034B3}.Debug|x86.ActiveCfg = Debug|Win32
		{53C7C53B-4D2F-4E71-9AF3-0B77DD0034B3}.Debug|x86.Build.0 = Debug|Win32
		{53C7C53B-4D2F-4E71-9AF3-0B77DD0034B3}.Release|Any CPU.ActiveCfg = Release|Win32
		{53C7C53B-4D2F-4E71-9AF3-0B77DD0034B3}.Release|x64.ActiveCfg = Release|x64
		{53C7C53B-4D2F-4E71-9AF3-0B77DD0034B3}.Release|x64.Build.0 = Release|x64
		{53C7C53B-4D2F-4E71-9AF3-0B77DD0034B3}.Release|x86.ActiveCfg = Release|Win32
		{53C7C53B-4D2F-4E71-9AF3-0B77DD0034B3}.Release|x86.Build.0 = Release|Win32
		{04CB7A5F-7472-4F19-9EA9-00B80063658C}.Debug|Any CPU.ActiveCfg = Debug|Win32
		{04CB7A5F-7472-4F19-9EA9-00B80063658C}.Debug|x64.ActiveCfg = Debug|x64
		{04CB7A5F-7472-4F19-9EA9-00B80063658C}.Debug|x64.Build.0 = Debug|x64
		{04CB7A5F-7472-4F19-9EA9-00B80063658C}.Debug|x86.ActiveCfg = Debug|Win32
		{04CB7A5F-7472-4F19-9EA9-00B80063658C}.Debug|x86.Build.0 = Debug|Win32
		{04CB7A5F-7472-4F19-9EA9-00B80063658C}.Release|Any CPU.ActiveCfg = Release|Win32
		{04CB7A5F-7472-4F19-9EA9-00B80063658C}.Release|x64.ActiveCfg = Release|x64
		{04CB7A5F-7472-4F19-9EA9-00B80063658C}.Release|x64.Build.0 = Release|x64
		{04CB7A5F-7472-4F19-9EA9-00B80063658C}.Release|x86.ActiveCfg = Release|Win32
		{04CB7A5F-7472-4F19-9EA9-00B80063658C}.Release|x86.Build.0 = Release|Win32
		{9EFC55B0-E8E8-443D-920F-C09D0AF54185}.Debug|Any CPU.ActiveCfg = Debug|Win32
		{9EFC55B0-E8E8-443D-920F-C09D0AF54185}.Debug|x64.ActiveCfg = Debug|x64
		{9EFC55B0-E8E8-443D-920F-C09D0AF54185}.Debug|x64.Build.0 = Debug|x64
		{9EFC55B0-E8E8-443D-920F-C09D0AF54185}.Debug|x86.ActiveCfg = Debug|Win32
		{9EFC55B0-E8E8-443D-920F-C09D0AF54185}.Debug|x86.Build.0 = Debug|Win32
		{9EFC55B0-E8E8-443D-920F-C09D0AF54185}.Release|Any CPU.ActiveCfg = Release|Win32
		{9EFC55B0-E8E8-443D-920F-C09D0AF54185}.Release|x64.ActiveCfg = Release|x64
		{9EFC55B0-E8E8-443D-920F-C09D0AF54185}.Release|x64.Build.0 = Release|x64
		{9EFC55B0-E8E8-443D-920F-C09D0AF54185}.Release|x86.ActiveCfg = Release|Win32
		{9EFC55B0-E8E8-443D-920F-C09D0AF54185}.Release|x86.Build.0 = Release|Win32
		{A57CD6DE-31C9-4F50-BD9A-0BB2DDEDF7BB}.Debug|Any CPU.ActiveCfg = Debug|Any CPU
		{A57CD6DE-31C9-4F50-BD9A-0BB2DDEDF7BB}.Debug|Any CPU.Build.0 = Debug|Any CPU
		{A57CD6DE-31C9-4F50-BD9A-0BB2DDEDF7BB}.Debug|x64.ActiveCfg = Debug|Any CPU
		{A57CD6DE-31C9-4F50-BD9A-0BB2DDEDF7BB}.Debug|x64.Build.0 = Debug|Any CPU
		{A57CD6DE-31C9-4F50-BD9A-0BB2DDEDF7BB}.Debug|x86.ActiveCfg = Debug|Any CPU
		{A57CD6DE-31C9-4F50-BD9A-0BB2DDEDF7BB}.Debug|x86.Build.0 = Debug|Any CPU
		{A57CD6DE-31C9-4F50-BD9A-0BB2DDEDF7BB}.Release|Any CPU.ActiveCfg = Release|Any CPU
		{A57CD6DE-31C9-4F50-BD9A-0BB2DDEDF7BB}.Release|Any CPU.Build.0 = Release|Any CPU
		{A57CD6DE-31C9-4F50-BD9A-0BB2DDEDF7BB}.Release|x64.ActiveCfg = Release|Any CPU
		{A57CD6DE-31C9-4F50-BD9A-0BB2DDEDF7BB}.Release|x64.Build.0 = Release|Any CPU
		{A57CD6DE-31C9-4F50-BD9A-0BB2DDEDF7BB}.Release|x86.ActiveCfg = Release|Any CPU
		{A57CD6DE-31C9-4F50-BD9A-0BB2DDEDF7BB}.Release|x86.Build.0 = Release|Any CPU
		{119080C0-DA30-4A3C-85D6-37315067CB1A}.Debug|Any CPU.ActiveCfg = Debug|Win32
		{119080C0-DA30-4A3C-85D6-37315067CB1A}.Debug|x64.ActiveCfg = Debug|x64
		{119080C0-DA30-4A3C-85D6-37315067CB1A}.Debug|x64.Build.0 = Debug|x64
		{119080C0-DA30-4A3C-85D6-37315067CB1A}.Debug|x86.ActiveCfg = Debug|Win32
		{119080C0-DA30-4A3C-85D6-37315067CB1A}.Debug|x86.Build.0 = Debug|Win32
		{119080C0-DA30-4A3C-85D6-37315067CB1A}.Release|Any CPU.ActiveCfg = Release|Win32
		{119080C0-DA30-4A3C-85D6-37315067CB1A}.Release|x64.ActiveCfg = Release|x64
		{119080C0-DA30-4A3C-85D6-37315067CB1A}.Release|x64.Build.0 = Release|x64
		{119080C0-DA30-4A3C-85D6-37315067CB1A}.Release|x86.ActiveCfg = Release|Win32
		{119080C0-DA30-4A3C-85D6-37315067CB1A}.Release|x86.Build.0 = Release|Win32
		{C1E1F450-B7E1-4796-84D5-7D3C831DFF68}.Debug|Any CPU.ActiveCfg = Debug|Win32
		{C1E1F450-B7E1-4796-84D5-7D3C831DFF68}.Debug|x64.ActiveCfg = Debug|Win32
		{C1E1F450-B7E1-4796-84D5-7D3C831DFF68}.Debug|x64.Build.0 = Debug|Win32
		{C1E1F450-B7E1-4796-84D5-7D3C831DFF68}.Debug|x86.ActiveCfg = Debug|Win32
		{C1E1F450-B7E1-4796-84D5-7D3C831DFF68}.Debug|x86.Build.0 = Debug|Win32
		{C1E1F450-B7E1-4796-84D5-7D3C831DFF68}.Release|Any CPU.ActiveCfg = Release|Win32
		{C1E1F450-B7E1-4796-84D5-7D3C831DFF68}.Release|x64.ActiveCfg = Release|x64
		{C1E1F450-B7E1-4796-84D5-7D3C831DFF68}.Release|x64.Build.0 = Release|x64
		{C1E1F450-B7E1-4796-84D5-7D3C831DFF68}.Release|x86.ActiveCfg = Release|Win32
		{C1E1F450-B7E1-4796-84D5-7D3C831DFF68}.Release|x86.Build.0 = Release|Win32
		{1C49F127-9DA6-4A88-82ED-C0560EC0AC6E}.Debug|Any CPU.ActiveCfg = Debug|Win32
		{1C49F127-9DA6-4A88-82ED-C0560EC0AC6E}.Debug|x64.ActiveCfg = Debug|Win32
		{1C49F127-9DA6-4A88-82ED-C0560EC0AC6E}.Debug|x64.Build.0 = Debug|Win32
		{1C49F127-9DA6-4A88-82ED-C0560EC0AC6E}.Debug|x86.ActiveCfg = Debug|Win32
		{1C49F127-9DA6-4A88-82ED-C0560EC0AC6E}.Debug|x86.Build.0 = Debug|Win32
		{1C49F127-9DA6-4A88-82ED-C0560EC0AC6E}.Release|Any CPU.ActiveCfg = Release|Win32
		{1C49F127-9DA6-4A88-82ED-C0560EC0AC6E}.Release|x64.ActiveCfg = Release|x64
		{1C49F127-9DA6-4A88-82ED-C0560EC0AC6E}.Release|x64.Build.0 = Release|x64
		{1C49F127-9DA6-4A88-82ED-C0560EC0AC6E}.Release|x86.ActiveCfg = Release|Win32
		{1C49F127-9DA6-4A88-82ED-C0560EC0AC6E}.Release|x86.Build.0 = Release|Win32
		{0A82ECDC-7520-453A-8F2C-D813FEEE7537}.Debug|Any CPU.ActiveCfg = Debug|Win32
		{0A82ECDC-7520-453A-8F2C-D813FEEE7537}.Debug|x64.ActiveCfg = Debug|Win32
		{0A82ECDC-7520-453A-8F2C-D813FEEE7537}.Debug|x86.ActiveCfg = Debug|Win32
		{0A82ECDC-7520-453A-8F2C-D813FEEE7537}.Debug|x86.Build.0 = Debug|Win32
		{0A82ECDC-7520-453A-8F2C-D813FEEE7537}.Release|Any CPU.ActiveCfg = Release|Win32
		{0A82ECDC-7520-453A-8F2C-D813FEEE7537}.Release|x64.ActiveCfg = Release|Win32
		{0A82ECDC-7520-453A-8F2C-D813FEEE7537}.Release|x86.ActiveCfg = Release|Win32
		{0A82ECDC-7520-453A-8F2C-D813FEEE7537}.Release|x86.Build.0 = Release|Win32
		{0258661B-F975-4061-9AA6-5E201397C91D}.Debug|Any CPU.ActiveCfg = Debug|Win32
		{0258661B-F975-4061-9AA6-5E201397C91D}.Debug|x64.ActiveCfg = Debug|Win32
		{0258661B-F975-4061-9AA6-5E201397C91D}.Debug|x64.Build.0 = Debug|Win32
		{0258661B-F975-4061-9AA6-5E201397C91D}.Debug|x86.ActiveCfg = Debug|Win32
		{0258661B-F975-4061-9AA6-5E201397C91D}.Debug|x86.Build.0 = Debug|Win32
		{0258661B-F975-4061-9AA6-5E201397C91D}.Release|Any CPU.ActiveCfg = Release|Win32
		{0258661B-F975-4061-9AA6-5E201397C91D}.Release|x64.ActiveCfg = Release|x64
		{0258661B-F975-4061-9AA6-5E201397C91D}.Release|x64.Build.0 = Release|x64
		{0258661B-F975-4061-9AA6-5E201397C91D}.Release|x86.ActiveCfg = Release|Win32
		{0258661B-F975-4061-9AA6-5E201397C91D}.Release|x86.Build.0 = Release|Win32
		{6E092DD9-249D-494D-B40C-575510921357}.Debug|Any CPU.ActiveCfg = Debug|Win32
		{6E092DD9-249D-494D-B40C-575510921357}.Debug|x64.ActiveCfg = Debug|Win32
		{6E092DD9-249D-494D-B40C-575510921357}.Debug|x64.Build.0 = Debug|Win32
		{6E092DD9-249D-494D-B40C-575510921357}.Debug|x86.ActiveCfg = Debug|Win32
		{6E092DD9-249D-494D-B40C-575510921357}.Debug|x86.Build.0 = Debug|Win32
		{6E092DD9-249D-494D-B40C-575510921357}.Release|Any CPU.ActiveCfg = Release|Win32
		{6E092DD9-249D-494D-B40C-575510921357}.Release|x64.ActiveCfg = Release|x64
		{6E092DD9-249D-494D-B40C-575510921357}.Release|x64.Build.0 = Release|x64
		{6E092DD9-249D-494D-B40C-575510921357}.Release|x86.ActiveCfg = Release|Win32
		{6E092DD9-249D-494D-B40C-575510921357}.Release|x86.Build.0 = Release|Win32
		{7AE0E0FE-F496-4838-8107-8F8287881AC0}.Debug|Any CPU.ActiveCfg = Debug|Win32
		{7AE0E0FE-F496-4838-8107-8F8287881AC0}.Debug|x64.ActiveCfg = Debug|Win32
		{7AE0E0FE-F496-4838-8107-8F8287881AC0}.Debug|x64.Build.0 = Debug|Win32
		{7AE0E0FE-F496-4838-8107-8F8287881AC0}.Debug|x86.ActiveCfg = Debug|Win32
		{7AE0E0FE-F496-4838-8107-8F8287881AC0}.Debug|x86.Build.0 = Debug|Win32
		{7AE0E0FE-F496-4838-8107-8F8287881AC0}.Release|Any CPU.ActiveCfg = Release|Win32
		{7AE0E0FE-F496-4838-8107-8F8287881AC0}.Release|x64.ActiveCfg = Release|x64
		{7AE0E0FE-F496-4838-8107-8F8287881AC0}.Release|x64.Build.0 = Release|x64
		{7AE0E0FE-F496-4838-8107-8F8287881AC0}.Release|x86.ActiveCfg = Release|Win32
		{7AE0E0FE-F496-4838-8107-8F8287881AC0}.Release|x86.Build.0 = Release|Win32
		{FC25AA1A-84F4-4CFF-817C-51230D7E6381}.Debug|Any CPU.ActiveCfg = Debug|Win32
		{FC25AA1A-84F4-4CFF-817C-51230D7E6381}.Debug|x64.ActiveCfg = Debug|Win32
		{FC25AA1A-84F4-4CFF-817C-51230D7E6381}.Debug|x64.Build.0 = Debug|Win32
		{FC25AA1A-84F4-4CFF-817C-51230D7E6381}.Debug|x86.ActiveCfg = Debug|Win32
		{FC25AA1A-84F4-4CFF-817C-51230D7E6381}.Debug|x86.Build.0 = Debug|Win32
		{FC25AA1A-84F4-4CFF-817C-51230D7E6381}.Release|Any CPU.ActiveCfg = Release|Win32
		{FC25AA1A-84F4-4CFF-817C-51230D7E6381}.Release|x64.ActiveCfg = Release|x64
		{FC25AA1A-84F4-4CFF-817C-51230D7E6381}.Release|x64.Build.0 = Release|x64
		{FC25AA1A-84F4-4CFF-817C-51230D7E6381}.Release|x86.ActiveCfg = Release|Win32
		{FC25AA1A-84F4-4CFF-817C-51230D7E6381}.Release|x86.Build.0 = Release|Win32
		{64E259BE-956D-4C24-85FB-EA7FAC7E7D99}.Debug|Any CPU.ActiveCfg = Debug|Win32
		{64E259BE-956D-4C24-85FB-EA7FAC7E7D99}.Debug|x64.ActiveCfg = Debug|Win32
		{64E259BE-956D-4C24-85FB-EA7FAC7E7D99}.Debug|x64.Build.0 = Debug|Win32
		{64E259BE-956D-4C24-85FB-EA7FAC7E7D99}.Debug|x86.ActiveCfg = Debug|Win32
		{64E259BE-956D-4C24-85FB-EA7FAC7E7D99}.Debug|x86.Build.0 = Debug|Win32
		{64E259BE-956D-4C24-85FB-EA7FAC7E7D99}.Release|Any CPU.ActiveCfg = Release|Win32
		{64E259BE-956D-4C24-85FB-EA7FAC7E7D99}.Release|x64.ActiveCfg = Release|x64
		{64E259BE-956D-4C24-85FB-EA7FAC7E7D99}.Release|x64.Build.0 = Release|x64
		{64E259BE-956D-4C24-85FB-EA7FAC7E7D99}.Release|x86.ActiveCfg = Release|Win32
		{64E259BE-956D-4C24-85FB-EA7FAC7E7D99}.Release|x86.Build.0 = Release|Win32
		{7341F5AA-7DFA-4B3F-8FED-7B9ACF920A0B}.Debug|Any CPU.ActiveCfg = Debug|Win32
		{7341F5AA-7DFA-4B3F-8FED-7B9ACF920A0B}.Debug|x64.ActiveCfg = Debug|Win32
		{7341F5AA-7DFA-4B3F-8FED-7B9ACF920A0B}.Debug|x64.Build.0 = Debug|Win32
		{7341F5AA-7DFA-4B3F-8FED-7B9ACF920A0B}.Debug|x86.ActiveCfg = Debug|Win32
		{7341F5AA-7DFA-4B3F-8FED-7B9ACF920A0B}.Debug|x86.Build.0 = Debug|Win32
		{7341F5AA-7DFA-4B3F-8FED-7B9ACF920A0B}.Release|Any CPU.ActiveCfg = Release|Win32
		{7341F5AA-7DFA-4B3F-8FED-7B9ACF920A0B}.Release|x64.ActiveCfg = Release|x64
		{7341F5AA-7DFA-4B3F-8FED-7B9ACF920A0B}.Release|x64.Build.0 = Release|x64
		{7341F5AA-7DFA-4B3F-8FED-7B9ACF920A0B}.Release|x86.ActiveCfg = Release|Win32
		{7341F5AA-7DFA-4B3F-8FED-7B9ACF920A0B}.Release|x86.Build.0 = Release|Win32
		{AC00494F-1347-47E2-B499-0F4B984B02D7}.Debug|Any CPU.ActiveCfg = Debug|Win32
		{AC00494F-1347-47E2-B499-0F4B984B02D7}.Debug|x64.ActiveCfg = Debug|Win32
		{AC00494F-1347-47E2-B499-0F4B984B02D7}.Debug|x64.Build.0 = Debug|Win32
		{AC00494F-1347-47E2-B499-0F4B984B02D7}.Debug|x86.ActiveCfg = Debug|Win32
		{AC00494F-1347-47E2-B499-0F4B984B02D7}.Debug|x86.Build.0 = Debug|Win32
		{AC00494F-1347-47E2-B499-0F4B984B02D7}.Release|Any CPU.ActiveCfg = Release|Win32
		{AC00494F-1347-47E2-B499-0F4B984B02D7}.Release|x64.ActiveCfg = Release|x64
		{AC00494F-1347-47E2-B499-0F4B984B02D7}.Release|x64.Build.0 = Release|x64
		{AC00494F-1347-47E2-B499-0F4B984B02D7}.Release|x86.ActiveCfg = Release|Win32
		{AC00494F-1347-47E2-B499-0F4B984B02D7}.Release|x86.Build.0 = Release|Win32
		{F4B8C8D6-4E17-4191-9E23-0B045CC4530D}.Debug|Any CPU.ActiveCfg = Debug|Win32
		{F4B8C8D6-4E17-4191-9E23-0B045CC4530D}.Debug|x64.ActiveCfg = Debug|x64
		{F4B8C8D6-4E17-4191-9E23-0B045CC4530D}.Debug|x64.Build.0 = Debug|x64
		{F4B8C8D6-4E17-4191-9E23-0B045CC4530D}.Debug|x86.ActiveCfg = Debug|Win32
		{F4B8C8D6-4E17-4191-9E23-0B045CC4530D}.Debug|x86.Build.0 = Debug|Win32
		{F4B8C8D6-4E17-4191-9E23-0B045CC4530D}.Release|Any CPU.ActiveCfg = Release|Win32
		{F4B8C8D6-4E17-4191-9E23-0B045CC4530D}.Release|x64.ActiveCfg = Release|x64
		{F4B8C8D6-4E17-4191-9E23-0B045CC4530D}.Release|x64.Build.0 = Release|x64
		{F4B8C8D6-4E17-4191-9E23-0B045CC4530D}.Release|x86.ActiveCfg = Release|Win32
		{F4B8C8D6-4E17-4191-9E23-0B045CC4530D}.Release|x86.Build.0 = Release|Win32
		{A389E1A2-108A-482C-A951-18BE13FFB46E}.Debug|Any CPU.ActiveCfg = Debug|Win32
		{A389E1A2-108A-482C-A951-18BE13FFB46E}.Debug|x64.ActiveCfg = Debug|x64
		{A389E1A2-108A-482C-A951-18BE13FFB46E}.Debug|x64.Build.0 = Debug|x64
		{A389E1A2-108A-482C-A951-18BE13FFB46E}.Debug|x86.ActiveCfg = Debug|Win32
		{A389E1A2-108A-482C-A951-18BE13FFB46E}.Debug|x86.Build.0 = Debug|Win32
		{A389E1A2-108A-482C-A951-18BE13FFB46E}.Release|Any CPU.ActiveCfg = Release|Win32
		{A389E1A2-108A-482C-A951-18BE13FFB46E}.Release|x64.ActiveCfg = Release|x64
		{A389E1A2-108A-482C-A951-18BE13FFB46E}.Release|x64.Build.0 = Release|x64
		{A389E1A2-108A-482C-A951-18BE13FFB46E}.Release|x86.ActiveCfg = Release|Win32
		{A389E1A2-108A-482C-A951-18BE13FFB46E}.Release|x86.Build.0 = Release|Win32
		{A7846371-851C-4794-B176-4B36DABFBD32}.Debug|Any CPU.ActiveCfg = Debug|Win32
		{A7846371-851C-4794-B176-4B36DABFBD32}.Debug|x64.ActiveCfg = Debug|x64
		{A7846371-851C-4794-B176-4B36DABFBD32}.Debug|x64.Build.0 = Debug|x64
		{A7846371-851C-4794-B176-4B36DABFBD32}.Debug|x86.ActiveCfg = Debug|Win32
		{A7846371-851C-4794-B176-4B36DABFBD32}.Debug|x86.Build.0 = Debug|Win32
		{A7846371-851C-4794-B176-4B36DABFBD32}.Release|Any CPU.ActiveCfg = Release|Win32
		{A7846371-851C-4794-B176-4B36DABFBD32}.Release|x64.ActiveCfg = Release|x64
		{A7846371-851C-4794-B176-4B36DABFBD32}.Release|x64.Build.0 = Release|x64
		{A7846371-851C-4794-B176-4B36DABFBD32}.Release|x86.ActiveCfg = Release|Win32
		{A7846371-851C-4794-B176-4B36DABFBD32}.Release|x86.Build.0 = Release|Win32
		{936434E9-93F0-467B-BBB7-D682483244BA}.Debug|Any CPU.ActiveCfg = Debug|Win32
		{936434E9-93F0-467B-BBB7-D682483244BA}.Debug|x64.ActiveCfg = Debug|x64
		{936434E9-93F0-467B-BBB7-D682483244BA}.Debug|x64.Build.0 = Debug|x64
		{936434E9-93F0-467B-BBB7-D682483244BA}.Debug|x86.ActiveCfg = Debug|Win32
		{936434E9-93F0-467B-BBB7-D682483244BA}.Debug|x86.Build.0 = Debug|Win32
		{936434E9-93F0-467B-BBB7-D682483244BA}.Release|Any CPU.ActiveCfg = Release|Win32
		{936434E9-93F0-467B-BBB7-D682483244BA}.Release|x64.ActiveCfg = Release|x64
		{936434E9-93F0-467B-BBB7-D682483244BA}.Release|x64.Build.0 = Release|x64
		{936434E9-93F0-467B-BBB7-D682483244BA}.Release|x86.ActiveCfg = Release|Win32
		{936434E9-93F0-467B-BBB7-D682483244BA}.Release|x86.Build.0 = Release|Win32
		{2A178BA5-9840-47FD-8047-4D832B22FB1D}.Debug|Any CPU.ActiveCfg = Debug|Win32
		{2A178BA5-9840-47FD-8047-4D832B22FB1D}.Debug|x64.ActiveCfg = Debug|Win32
		{2A178BA5-9840-47FD-8047-4D832B22FB1D}.Debug|x86.ActiveCfg = Debug|Win32
		{2A178BA5-9840-47FD-8047-4D832B22FB1D}.Debug|x86.Build.0 = Debug|Win32
		{2A178BA5-9840-47FD-8047-4D832B22FB1D}.Release|Any CPU.ActiveCfg = Release|Win32
		{2A178BA5-9840-47FD-8047-4D832B22FB1D}.Release|x64.ActiveCfg = Release|Win32
		{2A178BA5-9840-47FD-8047-4D832B22FB1D}.Release|x86.ActiveCfg = Release|Win32
		{2A178BA5-9840-47FD-8047-4D832B22FB1D}.Release|x86.Build.0 = Release|Win32
		{8BD15208-4AF5-4F32-A4DD-E6DEB7B1C83C}.Debug|Any CPU.ActiveCfg = Debug|Win32
		{8BD15208-4AF5-4F32-A4DD-E6DEB7B1C83C}.Debug|x64.ActiveCfg = Debug|Win32
		{8BD15208-4AF5-4F32-A4DD-E6DEB7B1C83C}.Debug|x86.ActiveCfg = Debug|Win32
		{8BD15208-4AF5-4F32-A4DD-E6DEB7B1C83C}.Debug|x86.Build.0 = Debug|Win32
		{8BD15208-4AF5-4F32-A4DD-E6DEB7B1C83C}.Release|Any CPU.ActiveCfg = Release|Win32
		{8BD15208-4AF5-4F32-A4DD-E6DEB7B1C83C}.Release|x64.ActiveCfg = Release|Win32
		{8BD15208-4AF5-4F32-A4DD-E6DEB7B1C83C}.Release|x86.ActiveCfg = Release|Win32
		{8BD15208-4AF5-4F32-A4DD-E6DEB7B1C83C}.Release|x86.Build.0 = Release|Win32
		{8DC33A55-645B-4A0B-B7F3-272A8582CE17}.Debug|Any CPU.ActiveCfg = Debug|Win32
		{8DC33A55-645B-4A0B-B7F3-272A8582CE17}.Debug|x64.ActiveCfg = Debug|x64
		{8DC33A55-645B-4A0B-B7F3-272A8582CE17}.Debug|x64.Build.0 = Debug|x64
		{8DC33A55-645B-4A0B-B7F3-272A8582CE17}.Debug|x86.ActiveCfg = Debug|Win32
		{8DC33A55-645B-4A0B-B7F3-272A8582CE17}.Debug|x86.Build.0 = Debug|Win32
		{8DC33A55-645B-4A0B-B7F3-272A8582CE17}.Release|Any CPU.ActiveCfg = Release|Win32
		{8DC33A55-645B-4A0B-B7F3-272A8582CE17}.Release|x64.ActiveCfg = Release|x64
		{8DC33A55-645B-4A0B-B7F3-272A8582CE17}.Release|x64.Build.0 = Release|x64
		{8DC33A55-645B-4A0B-B7F3-272A8582CE17}.Release|x86.ActiveCfg = Release|Win32
		{8DC33A55-645B-4A0B-B7F3-272A8582CE17}.Release|x86.Build.0 = Release|Win32
		{3DA711B7-D631-46B6-8373-46997ABF0D4C}.Debug|Any CPU.ActiveCfg = Debug|Win32
		{3DA711B7-D631-46B6-8373-46997ABF0D4C}.Debug|x64.ActiveCfg = Debug|Win32
		{3DA711B7-D631-46B6-8373-46997ABF0D4C}.Debug|x64.Build.0 = Debug|Win32
		{3DA711B7-D631-46B6-8373-46997ABF0D4C}.Debug|x86.ActiveCfg = Debug|Win32
		{3DA711B7-D631-46B6-8373-46997ABF0D4C}.Debug|x86.Build.0 = Debug|Win32
		{3DA711B7-D631-46B6-8373-46997ABF0D4C}.Release|Any CPU.ActiveCfg = Release|Win32
		{3DA711B7-D631-46B6-8373-46997ABF0D4C}.Release|x64.ActiveCfg = Release|x64
		{3DA711B7-D631-46B6-8373-46997ABF0D4C}.Release|x64.Build.0 = Release|x64
		{3DA711B7-D631-46B6-8373-46997ABF0D4C}.Release|x86.ActiveCfg = Release|Win32
		{3DA711B7-D631-46B6-8373-46997ABF0D4C}.Release|x86.Build.0 = Release|Win32
		{EC63E408-9837-4180-A180-FE1F047052A3}.Debug|Any CPU.ActiveCfg = Debug|Win32
		{EC63E408-9837-4180-A180-FE1F047052A3}.Debug|x64.ActiveCfg = Debug|Win32
		{EC63E408-9837-4180-A180-FE1F047052A3}.Debug|x64.Build.0 = Debug|Win32
		{EC63E408-9837-4180-A180-FE1F047052A3}.Debug|x86.ActiveCfg = Debug|Win32
		{EC63E408-9837-4180-A180-FE1F047052A3}.Debug|x86.Build.0 = Debug|Win32
		{EC63E408-9837-4180-A180-FE1F047052A3}.Release|Any CPU.ActiveCfg = Release|Win32
		{EC63E408-9837-4180-A180-FE1F047052A3}.Release|x64.ActiveCfg = Release|x64
		{EC63E408-9837-4180-A180-FE1F047052A3}.Release|x64.Build.0 = Release|x64
		{EC63E408-9837-4180-A180-FE1F047052A3}.Release|x86.ActiveCfg = Release|Win32
		{EC63E408-9837-4180-A180-FE1F047052A3}.Release|x86.Build.0 = Release|Win32
		{9B64F370-F9F4-4EE7-87DC-31B469402E30}.Debug|Any CPU.ActiveCfg = Debug|Win32
		{9B64F370-F9F4-4EE7-87DC-31B469402E30}.Debug|x64.ActiveCfg = Debug|Win32
		{9B64F370-F9F4-4EE7-87DC-31B469402E30}.Debug|x86.ActiveCfg = Debug|Win32
		{9B64F370-F9F4-4EE7-87DC-31B469402E30}.Debug|x86.Build.0 = Debug|Win32
		{9B64F370-F9F4-4EE7-87DC-31B469402E30}.Release|Any CPU.ActiveCfg = Release|Win32
		{9B64F370-F9F4-4EE7-87DC-31B469402E30}.Release|x64.ActiveCfg = Release|Win32
		{9B64F370-F9F4-4EE7-87DC-31B469402E30}.Release|x86.ActiveCfg = Release|Win32
		{9B64F370-F9F4-4EE7-87DC-31B469402E30}.Release|x86.Build.0 = Release|Win32
		{8A5B596C-C501-4CF0-AF7E-6E23F53B18BD}.Debug|Any CPU.ActiveCfg = Debug|Win32
		{8A5B596C-C501-4CF0-AF7E-6E23F53B18BD}.Debug|x64.ActiveCfg = Debug|Win32
		{8A5B596C-C501-4CF0-AF7E-6E23F53B18BD}.Debug|x86.ActiveCfg = Debug|Win32
		{8A5B596C-C501-4CF0-AF7E-6E23F53B18BD}.Debug|x86.Build.0 = Debug|Win32
		{8A5B596C-C501-4CF0-AF7E-6E23F53B18BD}.Release|Any CPU.ActiveCfg = Release|Win32
		{8A5B596C-C501-4CF0-AF7E-6E23F53B18BD}.Release|x64.ActiveCfg = Release|Win32
		{8A5B596C-C501-4CF0-AF7E-6E23F53B18BD}.Release|x86.ActiveCfg = Release|Win32
		{8A5B596C-C501-4CF0-AF7E-6E23F53B18BD}.Release|x86.Build.0 = Release|Win32
		{3145A0F7-CEED-4551-A9F6-74AA9189BAAD}.Debug|Any CPU.ActiveCfg = Debug|Win32
		{3145A0F7-CEED-4551-A9F6-74AA9189BAAD}.Debug|x64.ActiveCfg = Debug|x64
		{3145A0F7-CEED-4551-A9F6-74AA9189BAAD}.Debug|x64.Build.0 = Debug|x64
		{3145A0F7-CEED-4551-A9F6-74AA9189BAAD}.Debug|x86.ActiveCfg = Debug|Win32
		{3145A0F7-CEED-4551-A9F6-74AA9189BAAD}.Debug|x86.Build.0 = Debug|Win32
		{3145A0F7-CEED-4551-A9F6-74AA9189BAAD}.Release|Any CPU.ActiveCfg = Release|Win32
		{3145A0F7-CEED-4551-A9F6-74AA9189BAAD}.Release|x64.ActiveCfg = Release|x64
		{3145A0F7-CEED-4551-A9F6-74AA9189BAAD}.Release|x64.Build.0 = Release|x64
		{3145A0F7-CEED-4551-A9F6-74AA9189BAAD}.Release|x86.ActiveCfg = Release|Win32
		{3145A0F7-CEED-4551-A9F6-74AA9189BAAD}.Release|x86.Build.0 = Release|Win32
	EndGlobalSection
	GlobalSection(SolutionProperties) = preSolution
		HideSolutionNode = FALSE
	EndGlobalSection
EndGlobal
